// !$*UTF8*$!
{
	archiveVersion = 1;
	classes = {
	};
	objectVersion = 56;
	objects = {

/* Begin PBXBuildFile section */
		3F9014E62ACC41F400AABB63 /* Lab1App.swift in Sources */ = {isa = PBXBuildFile; fileRef = 3F9014E52ACC41F400AABB63 /* Lab1App.swift */; };
		3F9014E82ACC41F400AABB63 /* ContentView.swift in Sources */ = {isa = PBXBuildFile; fileRef = 3F9014E72ACC41F400AABB63 /* ContentView.swift */; };
		3F9014EA2ACC41F500AABB63 /* Assets.xcassets in Resources */ = {isa = PBXBuildFile; fileRef = 3F9014E92ACC41F500AABB63 /* Assets.xcassets */; };
		3F9014ED2ACC41F500AABB63 /* Preview Assets.xcassets in Resources */ = {isa = PBXBuildFile; fileRef = 3F9014EC2ACC41F500AABB63 /* Preview Assets.xcassets */; };
		3F9014F72ACC41F500AABB63 /* Lab1Tests.swift in Sources */ = {isa = PBXBuildFile; fileRef = 3F9014F62ACC41F500AABB63 /* Lab1Tests.swift */; };
		3F9015012ACC41F500AABB63 /* Lab1UITests.swift in Sources */ = {isa = PBXBuildFile; fileRef = 3F9015002ACC41F500AABB63 /* Lab1UITests.swift */; };
		3F9015032ACC41F500AABB63 /* Lab1UITestsLaunchTests.swift in Sources */ = {isa = PBXBuildFile; fileRef = 3F9015022ACC41F500AABB63 /* Lab1UITestsLaunchTests.swift */; };
		3F9015122ACC459700AABB63 /* CalculatorView.swift in Sources */ = {isa = PBXBuildFile; fileRef = 3F9015112ACC459700AABB63 /* CalculatorView.swift */; };
		3F9015162ACC482000AABB63 /* Calculations.swift in Sources */ = {isa = PBXBuildFile; fileRef = 3F9015152ACC482000AABB63 /* Calculations.swift */; };
		3F9015182ACC48BD00AABB63 /* CalcButton.swift in Sources */ = {isa = PBXBuildFile; fileRef = 3F9015172ACC48BD00AABB63 /* CalcButton.swift */; };
		3F90151A2ACC4E2600AABB63 /* SubmitButton.swift in Sources */ = {isa = PBXBuildFile; fileRef = 3F9015192ACC4E2600AABB63 /* SubmitButton.swift */; };
		3F90151C2ACC4EC300AABB63 /* ResultView.swift in Sources */ = {isa = PBXBuildFile; fileRef = 3F90151B2ACC4EC300AABB63 /* ResultView.swift */; };
/* End PBXBuildFile section */

/* Begin PBXContainerItemProxy section */
		3F9014F32ACC41F500AABB63 /* PBXContainerItemProxy */ = {
			isa = PBXContainerItemProxy;
			containerPortal = 3F9014DA2ACC41F400AABB63 /* Project object */;
			proxyType = 1;
			remoteGlobalIDString = 3F9014E12ACC41F400AABB63;
			remoteInfo = Lab1;
		};
		3F9014FD2ACC41F500AABB63 /* PBXContainerItemProxy */ = {
			isa = PBXContainerItemProxy;
			containerPortal = 3F9014DA2ACC41F400AABB63 /* Project object */;
			proxyType = 1;
			remoteGlobalIDString = 3F9014E12ACC41F400AABB63;
			remoteInfo = Lab1;
		};
/* End PBXContainerItemProxy section */

/* Begin PBXFileReference section */
		3F9014E22ACC41F400AABB63 /* Lab1.app */ = {isa = PBXFileReference; explicitFileType = wrapper.application; includeInIndex = 0; path = Lab1.app; sourceTree = BUILT_PRODUCTS_DIR; };
		3F9014E52ACC41F400AABB63 /* Lab1App.swift */ = {isa = PBXFileReference; lastKnownFileType = sourcecode.swift; path = Lab1App.swift; sourceTree = "<group>"; };
		3F9014E72ACC41F400AABB63 /* ContentView.swift */ = {isa = PBXFileReference; lastKnownFileType = sourcecode.swift; path = ContentView.swift; sourceTree = "<group>"; };
		3F9014E92ACC41F500AABB63 /* Assets.xcassets */ = {isa = PBXFileReference; lastKnownFileType = folder.assetcatalog; path = Assets.xcassets; sourceTree = "<group>"; };
		3F9014EC2ACC41F500AABB63 /* Preview Assets.xcassets */ = {isa = PBXFileReference; lastKnownFileType = folder.assetcatalog; path = "Preview Assets.xcassets"; sourceTree = "<group>"; };
		3F9014F22ACC41F500AABB63 /* Lab1Tests.xctest */ = {isa = PBXFileReference; explicitFileType = wrapper.cfbundle; includeInIndex = 0; path = Lab1Tests.xctest; sourceTree = BUILT_PRODUCTS_DIR; };
		3F9014F62ACC41F500AABB63 /* Lab1Tests.swift */ = {isa = PBXFileReference; lastKnownFileType = sourcecode.swift; path = Lab1Tests.swift; sourceTree = "<group>"; };
		3F9014FC2ACC41F500AABB63 /* Lab1UITests.xctest */ = {isa = PBXFileReference; explicitFileType = wrapper.cfbundle; includeInIndex = 0; path = Lab1UITests.xctest; sourceTree = BUILT_PRODUCTS_DIR; };
		3F9015002ACC41F500AABB63 /* Lab1UITests.swift */ = {isa = PBXFileReference; lastKnownFileType = sourcecode.swift; path = Lab1UITests.swift; sourceTree = "<group>"; };
		3F9015022ACC41F500AABB63 /* Lab1UITestsLaunchTests.swift */ = {isa = PBXFileReference; lastKnownFileType = sourcecode.swift; path = Lab1UITestsLaunchTests.swift; sourceTree = "<group>"; };
		3F9015112ACC459700AABB63 /* CalculatorView.swift */ = {isa = PBXFileReference; lastKnownFileType = sourcecode.swift; path = CalculatorView.swift; sourceTree = "<group>"; };
		3F9015152ACC482000AABB63 /* Calculations.swift */ = {isa = PBXFileReference; lastKnownFileType = sourcecode.swift; path = Calculations.swift; sourceTree = "<group>"; };
		3F9015172ACC48BD00AABB63 /* CalcButton.swift */ = {isa = PBXFileReference; lastKnownFileType = sourcecode.swift; path = CalcButton.swift; sourceTree = "<group>"; };
		3F9015192ACC4E2600AABB63 /* SubmitButton.swift */ = {isa = PBXFileReference; lastKnownFileType = sourcecode.swift; path = SubmitButton.swift; sourceTree = "<group>"; };
		3F90151B2ACC4EC300AABB63 /* ResultView.swift */ = {isa = PBXFileReference; lastKnownFileType = sourcecode.swift; path = ResultView.swift; sourceTree = "<group>"; };
/* End PBXFileReference section */

/* Begin PBXFrameworksBuildPhase section */
		3F9014DF2ACC41F400AABB63 /* Frameworks */ = {
			isa = PBXFrameworksBuildPhase;
			buildActionMask = 2147483647;
			files = (
			);
			runOnlyForDeploymentPostprocessing = 0;
		};
		3F9014EF2ACC41F500AABB63 /* Frameworks */ = {
			isa = PBXFrameworksBuildPhase;
			buildActionMask = 2147483647;
			files = (
			);
			runOnlyForDeploymentPostprocessing = 0;
		};
		3F9014F92ACC41F500AABB63 /* Frameworks */ = {
			isa = PBXFrameworksBuildPhase;
			buildActionMask = 2147483647;
			files = (
			);
			runOnlyForDeploymentPostprocessing = 0;
		};
/* End PBXFrameworksBuildPhase section */

/* Begin PBXGroup section */
		3F9014D92ACC41F400AABB63 = {
			isa = PBXGroup;
			children = (
				3F9014E42ACC41F400AABB63 /* Lab1 */,
				3F9014F52ACC41F500AABB63 /* Lab1Tests */,
				3F9014FF2ACC41F500AABB63 /* Lab1UITests */,
				3F9014E32ACC41F400AABB63 /* Products */,
			);
			sourceTree = "<group>";
		};
		3F9014E32ACC41F400AABB63 /* Products */ = {
			isa = PBXGroup;
			children = (
				3F9014E22ACC41F400AABB63 /* Lab1.app */,
				3F9014F22ACC41F500AABB63 /* Lab1Tests.xctest */,
				3F9014FC2ACC41F500AABB63 /* Lab1UITests.xctest */,
			);
			name = Products;
			sourceTree = "<group>";
		};
		3F9014E42ACC41F400AABB63 /* Lab1 */ = {
			isa = PBXGroup;
			children = (
				3F9014E52ACC41F400AABB63 /* Lab1App.swift */,
				3F9014E72ACC41F400AABB63 /* ContentView.swift */,
				3F9014E92ACC41F500AABB63 /* Assets.xcassets */,
				3F9014EB2ACC41F500AABB63 /* Preview Content */,
				3F9015112ACC459700AABB63 /* CalculatorView.swift */,
				3F9015152ACC482000AABB63 /* Calculations.swift */,
				3F9015172ACC48BD00AABB63 /* CalcButton.swift */,
				3F9015192ACC4E2600AABB63 /* SubmitButton.swift */,
				3F90151B2ACC4EC300AABB63 /* ResultView.swift */,
			);
			path = Lab1;
			sourceTree = "<group>";
		};
		3F9014EB2ACC41F500AABB63 /* Preview Content */ = {
			isa = PBXGroup;
			children = (
				3F9014EC2ACC41F500AABB63 /* Preview Assets.xcassets */,
			);
			path = "Preview Content";
			sourceTree = "<group>";
		};
		3F9014F52ACC41F500AABB63 /* Lab1Tests */ = {
			isa = PBXGroup;
			children = (
				3F9014F62ACC41F500AABB63 /* Lab1Tests.swift */,
			);
			path = Lab1Tests;
			sourceTree = "<group>";
		};
		3F9014FF2ACC41F500AABB63 /* Lab1UITests */ = {
			isa = PBXGroup;
			children = (
				3F9015002ACC41F500AABB63 /* Lab1UITests.swift */,
				3F9015022ACC41F500AABB63 /* Lab1UITestsLaunchTests.swift */,
			);
			path = Lab1UITests;
			sourceTree = "<group>";
		};
/* End PBXGroup section */

/* Begin PBXNativeTarget section */
		3F9014E12ACC41F400AABB63 /* Lab1 */ = {
			isa = PBXNativeTarget;
			buildConfigurationList = 3F9015062ACC41F500AABB63 /* Build configuration list for PBXNativeTarget "Lab1" */;
			buildPhases = (
				3F9014DE2ACC41F400AABB63 /* Sources */,
				3F9014DF2ACC41F400AABB63 /* Frameworks */,
				3F9014E02ACC41F400AABB63 /* Resources */,
			);
			buildRules = (
			);
			dependencies = (
			);
			name = Lab1;
			productName = Lab1;
			productReference = 3F9014E22ACC41F400AABB63 /* Lab1.app */;
			productType = "com.apple.product-type.application";
		};
		3F9014F12ACC41F500AABB63 /* Lab1Tests */ = {
			isa = PBXNativeTarget;
			buildConfigurationList = 3F9015092ACC41F500AABB63 /* Build configuration list for PBXNativeTarget "Lab1Tests" */;
			buildPhases = (
				3F9014EE2ACC41F500AABB63 /* Sources */,
				3F9014EF2ACC41F500AABB63 /* Frameworks */,
				3F9014F02ACC41F500AABB63 /* Resources */,
			);
			buildRules = (
			);
			dependencies = (
				3F9014F42ACC41F500AABB63 /* PBXTargetDependency */,
			);
			name = Lab1Tests;
			productName = Lab1Tests;
			productReference = 3F9014F22ACC41F500AABB63 /* Lab1Tests.xctest */;
			productType = "com.apple.product-type.bundle.unit-test";
		};
		3F9014FB2ACC41F500AABB63 /* Lab1UITests */ = {
			isa = PBXNativeTarget;
			buildConfigurationList = 3F90150C2ACC41F500AABB63 /* Build configuration list for PBXNativeTarget "Lab1UITests" */;
			buildPhases = (
				3F9014F82ACC41F500AABB63 /* Sources */,
				3F9014F92ACC41F500AABB63 /* Frameworks */,
				3F9014FA2ACC41F500AABB63 /* Resources */,
			);
			buildRules = (
			);
			dependencies = (
				3F9014FE2ACC41F500AABB63 /* PBXTargetDependency */,
			);
			name = Lab1UITests;
			productName = Lab1UITests;
			productReference = 3F9014FC2ACC41F500AABB63 /* Lab1UITests.xctest */;
			productType = "com.apple.product-type.bundle.ui-testing";
		};
/* End PBXNativeTarget section */

/* Begin PBXProject section */
		3F9014DA2ACC41F400AABB63 /* Project object */ = {
			isa = PBXProject;
			attributes = {
				BuildIndependentTargetsInParallel = 1;
				LastSwiftUpdateCheck = 1500;
				LastUpgradeCheck = 1500;
				TargetAttributes = {
					3F9014E12ACC41F400AABB63 = {
						CreatedOnToolsVersion = 15.0;
					};
					3F9014F12ACC41F500AABB63 = {
						CreatedOnToolsVersion = 15.0;
						TestTargetID = 3F9014E12ACC41F400AABB63;
					};
					3F9014FB2ACC41F500AABB63 = {
						CreatedOnToolsVersion = 15.0;
						TestTargetID = 3F9014E12ACC41F400AABB63;
					};
				};
			};
			buildConfigurationList = 3F9014DD2ACC41F400AABB63 /* Build configuration list for PBXProject "Lab1" */;
			compatibilityVersion = "Xcode 14.0";
			developmentRegion = en;
			hasScannedForEncodings = 0;
			knownRegions = (
				en,
				Base,
			);
			mainGroup = 3F9014D92ACC41F400AABB63;
			productRefGroup = 3F9014E32ACC41F400AABB63 /* Products */;
			projectDirPath = "";
			projectRoot = "";
			targets = (
				3F9014E12ACC41F400AABB63 /* Lab1 */,
				3F9014F12ACC41F500AABB63 /* Lab1Tests */,
				3F9014FB2ACC41F500AABB63 /* Lab1UITests */,
			);
		};
/* End PBXProject section */

/* Begin PBXResourcesBuildPhase section */
		3F9014E02ACC41F400AABB63 /* Resources */ = {
			isa = PBXResourcesBuildPhase;
			buildActionMask = 2147483647;
			files = (
				3F9014ED2ACC41F500AABB63 /* Preview Assets.xcassets in Resources */,
				3F9014EA2ACC41F500AABB63 /* Assets.xcassets in Resources */,
			);
			runOnlyForDeploymentPostprocessing = 0;
		};
		3F9014F02ACC41F500AABB63 /* Resources */ = {
			isa = PBXResourcesBuildPhase;
			buildActionMask = 2147483647;
			files = (
			);
			runOnlyForDeploymentPostprocessing = 0;
		};
		3F9014FA2ACC41F500AABB63 /* Resources */ = {
			isa = PBXResourcesBuildPhase;
			buildActionMask = 2147483647;
			files = (
			);
			runOnlyForDeploymentPostprocessing = 0;
		};
/* End PBXResourcesBuildPhase section */

/* Begin PBXSourcesBuildPhase section */
		3F9014DE2ACC41F400AABB63 /* Sources */ = {
			isa = PBXSourcesBuildPhase;
			buildActionMask = 2147483647;
			files = (
				3F9015182ACC48BD00AABB63 /* CalcButton.swift in Sources */,
				3F90151A2ACC4E2600AABB63 /* SubmitButton.swift in Sources */,
				3F9015122ACC459700AABB63 /* CalculatorView.swift in Sources */,
				3F9014E82ACC41F400AABB63 /* ContentView.swift in Sources */,
				3F9014E62ACC41F400AABB63 /* Lab1App.swift in Sources */,
				3F90151C2ACC4EC300AABB63 /* ResultView.swift in Sources */,
				3F9015162ACC482000AABB63 /* Calculations.swift in Sources */,
			);
			runOnlyForDeploymentPostprocessing = 0;
		};
		3F9014EE2ACC41F500AABB63 /* Sources */ = {
			isa = PBXSourcesBuildPhase;
			buildActionMask = 2147483647;
			files = (
				3F9014F72ACC41F500AABB63 /* Lab1Tests.swift in Sources */,
			);
			runOnlyForDeploymentPostprocessing = 0;
		};
		3F9014F82ACC41F500AABB63 /* Sources */ = {
			isa = PBXSourcesBuildPhase;
			buildActionMask = 2147483647;
			files = (
				3F9015032ACC41F500AABB63 /* Lab1UITestsLaunchTests.swift in Sources */,
				3F9015012ACC41F500AABB63 /* Lab1UITests.swift in Sources */,
			);
			runOnlyForDeploymentPostprocessing = 0;
		};
/* End PBXSourcesBuildPhase section */

/* Begin PBXTargetDependency section */
		3F9014F42ACC41F500AABB63 /* PBXTargetDependency */ = {
			isa = PBXTargetDependency;
			target = 3F9014E12ACC41F400AABB63 /* Lab1 */;
			targetProxy = 3F9014F32ACC41F500AABB63 /* PBXContainerItemProxy */;
		};
		3F9014FE2ACC41F500AABB63 /* PBXTargetDependency */ = {
			isa = PBXTargetDependency;
			target = 3F9014E12ACC41F400AABB63 /* Lab1 */;
			targetProxy = 3F9014FD2ACC41F500AABB63 /* PBXContainerItemProxy */;
		};
/* End PBXTargetDependency section */

/* Begin XCBuildConfiguration section */
		3F9015042ACC41F500AABB63 /* Debug */ = {
			isa = XCBuildConfiguration;
			buildSettings = {
				ALWAYS_SEARCH_USER_PATHS = NO;
				ASSETCATALOG_COMPILER_GENERATE_SWIFT_ASSET_SYMBOL_EXTENSIONS = YES;
				CLANG_ANALYZER_NONNULL = YES;
				CLANG_ANALYZER_NUMBER_OBJECT_CONVERSION = YES_AGGRESSIVE;
				CLANG_CXX_LANGUAGE_STANDARD = "gnu++20";
				CLANG_ENABLE_MODULES = YES;
				CLANG_ENABLE_OBJC_ARC = YES;
				CLANG_ENABLE_OBJC_WEAK = YES;
				CLANG_WARN_BLOCK_CAPTURE_AUTORELEASING = YES;
				CLANG_WARN_BOOL_CONVERSION = YES;
				CLANG_WARN_COMMA = YES;
				CLANG_WARN_CONSTANT_CONVERSION = YES;
				CLANG_WARN_DEPRECATED_OBJC_IMPLEMENTATIONS = YES;
				CLANG_WARN_DIRECT_OBJC_ISA_USAGE = YES_ERROR;
				CLANG_WARN_DOCUMENTATION_COMMENTS = YES;
				CLANG_WARN_EMPTY_BODY = YES;
				CLANG_WARN_ENUM_CONVERSION = YES;
				CLANG_WARN_INFINITE_RECURSION = YES;
				CLANG_WARN_INT_CONVERSION = YES;
				CLANG_WARN_NON_LITERAL_NULL_CONVERSION = YES;
				CLANG_WARN_OBJC_IMPLICIT_RETAIN_SELF = YES;
				CLANG_WARN_OBJC_LITERAL_CONVERSION = YES;
				CLANG_WARN_OBJC_ROOT_CLASS = YES_ERROR;
				CLANG_WARN_QUOTED_INCLUDE_IN_FRAMEWORK_HEADER = YES;
				CLANG_WARN_RANGE_LOOP_ANALYSIS = YES;
				CLANG_WARN_STRICT_PROTOTYPES = YES;
				CLANG_WARN_SUSPICIOUS_MOVE = YES;
				CLANG_WARN_UNGUARDED_AVAILABILITY = YES_AGGRESSIVE;
				CLANG_WARN_UNREACHABLE_CODE = YES;
				CLANG_WARN__DUPLICATE_METHOD_MATCH = YES;
				COPY_PHASE_STRIP = NO;
				DEBUG_INFORMATION_FORMAT = dwarf;
				ENABLE_STRICT_OBJC_MSGSEND = YES;
				ENABLE_TESTABILITY = YES;
				ENABLE_USER_SCRIPT_SANDBOXING = YES;
				GCC_C_LANGUAGE_STANDARD = gnu17;
				GCC_DYNAMIC_NO_PIC = NO;
				GCC_NO_COMMON_BLOCKS = YES;
				GCC_OPTIMIZATION_LEVEL = 0;
				GCC_PREPROCESSOR_DEFINITIONS = (
					"DEBUG=1",
					"$(inherited)",
				);
				GCC_WARN_64_TO_32_BIT_CONVERSION = YES;
				GCC_WARN_ABOUT_RETURN_TYPE = YES_ERROR;
				GCC_WARN_UNDECLARED_SELECTOR = YES;
				GCC_WARN_UNINITIALIZED_AUTOS = YES_AGGRESSIVE;
				GCC_WARN_UNUSED_FUNCTION = YES;
				GCC_WARN_UNUSED_VARIABLE = YES;
				IPHONEOS_DEPLOYMENT_TARGET = 17.0;
				LOCALIZATION_PREFERS_STRING_CATALOGS = YES;
				MTL_ENABLE_DEBUG_INFO = INCLUDE_SOURCE;
				MTL_FAST_MATH = YES;
				ONLY_ACTIVE_ARCH = YES;
				SDKROOT = iphoneos;
				SWIFT_ACTIVE_COMPILATION_CONDITIONS = "DEBUG $(inherited)";
				SWIFT_OPTIMIZATION_LEVEL = "-Onone";
			};
			name = Debug;
		};
		3F9015052ACC41F500AABB63 /* Release */ = {
			isa = XCBuildConfiguration;
			buildSettings = {
				ALWAYS_SEARCH_USER_PATHS = NO;
				ASSETCATALOG_COMPILER_GENERATE_SWIFT_ASSET_SYMBOL_EXTENSIONS = YES;
				CLANG_ANALYZER_NONNULL = YES;
				CLANG_ANALYZER_NUMBER_OBJECT_CONVERSION = YES_AGGRESSIVE;
				CLANG_CXX_LANGUAGE_STANDARD = "gnu++20";
				CLANG_ENABLE_MODULES = YES;
				CLANG_ENABLE_OBJC_ARC = YES;
				CLANG_ENABLE_OBJC_WEAK = YES;
				CLANG_WARN_BLOCK_CAPTURE_AUTORELEASING = YES;
				CLANG_WARN_BOOL_CONVERSION = YES;
				CLANG_WARN_COMMA = YES;
				CLANG_WARN_CONSTANT_CONVERSION = YES;
				CLANG_WARN_DEPRECATED_OBJC_IMPLEMENTATIONS = YES;
				CLANG_WARN_DIRECT_OBJC_ISA_USAGE = YES_ERROR;
				CLANG_WARN_DOCUMENTATION_COMMENTS = YES;
				CLANG_WARN_EMPTY_BODY = YES;
				CLANG_WARN_ENUM_CONVERSION = YES;
				CLANG_WARN_INFINITE_RECURSION = YES;
				CLANG_WARN_INT_CONVERSION = YES;
				CLANG_WARN_NON_LITERAL_NULL_CONVERSION = YES;
				CLANG_WARN_OBJC_IMPLICIT_RETAIN_SELF = YES;
				CLANG_WARN_OBJC_LITERAL_CONVERSION = YES;
				CLANG_WARN_OBJC_ROOT_CLASS = YES_ERROR;
				CLANG_WARN_QUOTED_INCLUDE_IN_FRAMEWORK_HEADER = YES;
				CLANG_WARN_RANGE_LOOP_ANALYSIS = YES;
				CLANG_WARN_STRICT_PROTOTYPES = YES;
				CLANG_WARN_SUSPICIOUS_MOVE = YES;
				CLANG_WARN_UNGUARDED_AVAILABILITY = YES_AGGRESSIVE;
				CLANG_WARN_UNREACHABLE_CODE = YES;
				CLANG_WARN__DUPLICATE_METHOD_MATCH = YES;
				COPY_PHASE_STRIP = NO;
				DEBUG_INFORMATION_FORMAT = "dwarf-with-dsym";
				ENABLE_NS_ASSERTIONS = NO;
				ENABLE_STRICT_OBJC_MSGSEND = YES;
				ENABLE_USER_SCRIPT_SANDBOXING = YES;
				GCC_C_LANGUAGE_STANDARD = gnu17;
				GCC_NO_COMMON_BLOCKS = YES;
				GCC_WARN_64_TO_32_BIT_CONVERSION = YES;
				GCC_WARN_ABOUT_RETURN_TYPE = YES_ERROR;
				GCC_WARN_UNDECLARED_SELECTOR = YES;
				GCC_WARN_UNINITIALIZED_AUTOS = YES_AGGRESSIVE;
				GCC_WARN_UNUSED_FUNCTION = YES;
				GCC_WARN_UNUSED_VARIABLE = YES;
				IPHONEOS_DEPLOYMENT_TARGET = 17.0;
				LOCALIZATION_PREFERS_STRING_CATALOGS = YES;
				MTL_ENABLE_DEBUG_INFO = NO;
				MTL_FAST_MATH = YES;
				SDKROOT = iphoneos;
				SWIFT_COMPILATION_MODE = wholemodule;
				VALIDATE_PRODUCT = YES;
			};
			name = Release;
		};
		3F9015072ACC41F500AABB63 /* Debug */ = {
			isa = XCBuildConfiguration;
			buildSettings = {
				ASSETCATALOG_COMPILER_APPICON_NAME = AppIcon;
				ASSETCATALOG_COMPILER_GLOBAL_ACCENT_COLOR_NAME = AccentColor;
				CODE_SIGN_STYLE = Automatic;
				CURRENT_PROJECT_VERSION = 1;
				DEVELOPMENT_ASSET_PATHS = "\"Lab1/Preview Content\"";
				ENABLE_PREVIEWS = YES;
				GENERATE_INFOPLIST_FILE = YES;
				INFOPLIST_KEY_UIApplicationSceneManifest_Generation = YES;
				INFOPLIST_KEY_UIApplicationSupportsIndirectInputEvents = YES;
				INFOPLIST_KEY_UILaunchScreen_Generation = YES;
				INFOPLIST_KEY_UISupportedInterfaceOrientations_iPad = "UIInterfaceOrientationPortrait UIInterfaceOrientationPortraitUpsideDown UIInterfaceOrientationLandscapeLeft UIInterfaceOrientationLandscapeRight";
				INFOPLIST_KEY_UISupportedInterfaceOrientations_iPhone = "UIInterfaceOrientationPortrait UIInterfaceOrientationLandscapeLeft UIInterfaceOrientationLandscapeRight";
				LD_RUNPATH_SEARCH_PATHS = (
					"$(inherited)",
					"@executable_path/Frameworks",
				);
				MARKETING_VERSION = 1.0;
				PRODUCT_BUNDLE_IDENTIFIER = pl.pollub.Lab1;
				PRODUCT_NAME = "$(TARGET_NAME)";
				SWIFT_EMIT_LOC_STRINGS = YES;
				SWIFT_VERSION = 5.0;
				TARGETED_DEVICE_FAMILY = "1,2";
			};
			name = Debug;
		};
		3F9015082ACC41F500AABB63 /* Release */ = {
			isa = XCBuildConfiguration;
			buildSettings = {
				ASSETCATALOG_COMPILER_APPICON_NAME = AppIcon;
				ASSETCATALOG_COMPILER_GLOBAL_ACCENT_COLOR_NAME = AccentColor;
				CODE_SIGN_STYLE = Automatic;
				CURRENT_PROJECT_VERSION = 1;
				DEVELOPMENT_ASSET_PATHS = "\"Lab1/Preview Content\"";
				ENABLE_PREVIEWS = YES;
				GENERATE_INFOPLIST_FILE = YES;
				INFOPLIST_KEY_UIApplicationSceneManifest_Generation = YES;
				INFOPLIST_KEY_UIApplicationSupportsIndirectInputEvents = YES;
				INFOPLIST_KEY_UILaunchScreen_Generation = YES;
				INFOPLIST_KEY_UISupportedInterfaceOrientations_iPad = "UIInterfaceOrientationPortrait UIInterfaceOrientationPortraitUpsideDown UIInterfaceOrientationLandscapeLeft UIInterfaceOrientationLandscapeRight";
				INFOPLIST_KEY_UISupportedInterfaceOrientations_iPhone = "UIInterfaceOrientationPortrait UIInterfaceOrientationLandscapeLeft UIInterfaceOrientationLandscapeRight";
				LD_RUNPATH_SEARCH_PATHS = (
					"$(inherited)",
					"@executable_path/Frameworks",
				);
				MARKETING_VERSION = 1.0;
				PRODUCT_BUNDLE_IDENTIFIER = pl.pollub.Lab1;
				PRODUCT_NAME = "$(TARGET_NAME)";
				SWIFT_EMIT_LOC_STRINGS = YES;
				SWIFT_VERSION = 5.0;
				TARGETED_DEVICE_FAMILY = "1,2";
			};
			name = Release;
		};
		3F90150A2ACC41F500AABB63 /* Debug */ = {
			isa = XCBuildConfiguration;
			buildSettings = {
				ALWAYS_EMBED_SWIFT_STANDARD_LIBRARIES = YES;
				BUNDLE_LOADER = "$(TEST_HOST)";
				CODE_SIGN_STYLE = Automatic;
				CURRENT_PROJECT_VERSION = 1;
				GENERATE_INFOPLIST_FILE = YES;
				IPHONEOS_DEPLOYMENT_TARGET = 17.0;
				MARKETING_VERSION = 1.0;
				PRODUCT_BUNDLE_IDENTIFIER = pl.pollub.Lab1Tests;
				PRODUCT_NAME = "$(TARGET_NAME)";
				SWIFT_EMIT_LOC_STRINGS = NO;
				SWIFT_VERSION = 5.0;
				TARGETED_DEVICE_FAMILY = "1,2";
				TEST_HOST = "$(BUILT_PRODUCTS_DIR)/Lab1.app/$(BUNDLE_EXECUTABLE_FOLDER_PATH)/Lab1";
			};
			name = Debug;
		};
		3F90150B2ACC41F500AABB63 /* Release */ = {
			isa = XCBuildConfiguration;
			buildSettings = {
				ALWAYS_EMBED_SWIFT_STANDARD_LIBRARIES = YES;
				BUNDLE_LOADER = "$(TEST_HOST)";
				CODE_SIGN_STYLE = Automatic;
				CURRENT_PROJECT_VERSION = 1;
				GENERATE_INFOPLIST_FILE = YES;
				IPHONEOS_DEPLOYMENT_TARGET = 17.0;
				MARKETING_VERSION = 1.0;
				PRODUCT_BUNDLE_IDENTIFIER = pl.pollub.Lab1Tests;
				PRODUCT_NAME = "$(TARGET_NAME)";
				SWIFT_EMIT_LOC_STRINGS = NO;
				SWIFT_VERSION = 5.0;
				TARGETED_DEVICE_FAMILY = "1,2";
				TEST_HOST = "$(BUILT_PRODUCTS_DIR)/Lab1.app/$(BUNDLE_EXECUTABLE_FOLDER_PATH)/Lab1";
			};
			name = Release;
		};
		3F90150D2ACC41F500AABB63 /* Debug */ = {
			isa = XCBuildConfiguration;
			buildSettings = {
				ALWAYS_EMBED_SWIFT_STANDARD_LIBRARIES = YES;
				CODE_SIGN_STYLE = Automatic;
				CURRENT_PROJECT_VERSION = 1;
				GENERATE_INFOPLIST_FILE = YES;
				MARKETING_VERSION = 1.0;
				PRODUCT_BUNDLE_IDENTIFIER = pl.pollub.Lab1UITests;
				PRODUCT_NAME = "$(TARGET_NAME)";
				SWIFT_EMIT_LOC_STRINGS = NO;
				SWIFT_VERSION = 5.0;
				TARGETED_DEVICE_FAMILY = "1,2";
				TEST_TARGET_NAME = Lab1;
			};
			name = Debug;
		};
		3F90150E2ACC41F500AABB63 /* Release */ = {
			isa = XCBuildConfiguration;
			buildSettings = {
				ALWAYS_EMBED_SWIFT_STANDARD_LIBRARIES = YES;
				CODE_SIGN_STYLE = Automatic;
				CURRENT_PROJECT_VERSION = 1;
				GENERATE_INFOPLIST_FILE = YES;
				MARKETING_VERSION = 1.0;
				PRODUCT_BUNDLE_IDENTIFIER = pl.pollub.Lab1UITests;
				PRODUCT_NAME = "$(TARGET_NAME)";
				SWIFT_EMIT_LOC_STRINGS = NO;
				SWIFT_VERSION = 5.0;
				TARGETED_DEVICE_FAMILY = "1,2";
				TEST_TARGET_NAME = Lab1;
			};
			name = Release;
		};
/* End XCBuildConfiguration section */

/* Begin XCConfigurationList section */
		3F9014DD2ACC41F400AABB63 /* Build configuration list for PBXProject "Lab1" */ = {
			isa = XCConfigurationList;
			buildConfigurations = (
				3F9015042ACC41F500AABB63 /* Debug */,
				3F9015052ACC41F500AABB63 /* Release */,
			);
			defaultConfigurationIsVisible = 0;
			defaultConfigurationName = Release;
		};
		3F9015062ACC41F500AABB63 /* Build configuration list for PBXNativeTarget "Lab1" */ = {
			isa = XCConfigurationList;
			buildConfigurations = (
				3F9015072ACC41F500AABB63 /* Debug */,
				3F9015082ACC41F500AABB63 /* Release */,
			);
			defaultConfigurationIsVisible = 0;
			defaultConfigurationName = Release;
		};
		3F9015092ACC41F500AABB63 /* Build configuration list for PBXNativeTarget "Lab1Tests" */ = {
			isa = XCConfigurationList;
			buildConfigurations = (
				3F90150A2ACC41F500AABB63 /* Debug */,
				3F90150B2ACC41F500AABB63 /* Release */,
			);
			defaultConfigurationIsVisible = 0;
			defaultConfigurationName = Release;
		};
		3F90150C2ACC41F500AABB63 /* Build configuration list for PBXNativeTarget "Lab1UITests" */ = {
			isa = XCConfigurationList;
			buildConfigurations = (
				3F90150D2ACC41F500AABB63 /* Debug */,
				3F90150E2ACC41F500AABB63 /* Release */,
			);
			defaultConfigurationIsVisible = 0;
			defaultConfigurationName = Release;
		};
/* End XCConfigurationList section */
	};
	rootObject = 3F9014DA2ACC41F400AABB63 /* Project object */;
}
